
Microsoft Visual Studio Solution File, Format Version 12.00
# Visual Studio 2013
VisualStudioVersion = 12.0.30723.0
MinimumVisualStudioVersion = 10.0.40219.1
Project("{FAE04EC0-301F-11D3-BF4B-00C04F79EFBC}") = "BaseApp", "BaseApp\BaseApp.csproj", "{CA4F2241-8666-4814-B012-ADF0AF1398DE}"
EndProject
Project("{FAE04EC0-301F-11D3-BF4B-00C04F79EFBC}") = "BaseApp.Tests", "BaseApp.Tests\BaseApp.Tests.csproj", "{BB929702-67C3-4304-B631-E3306143111E}"
EndProject
Global
	GlobalSection(SolutionConfigurationPlatforms) = preSolution
		Debug|Any CPU = Debug|Any CPU
		Release|Any CPU = Release|Any CPU
	EndGlobalSection
	GlobalSection(ProjectConfigurationPlatforms) = postSolution
		{CA4F2241-8666-4814-B012-ADF0AF1398DE}.Debug|Any CPU.ActiveCfg = Debug|Any CPU
		{CA4F2241-8666-4814-B012-ADF0AF1398DE}.Debug|Any CPU.Build.0 = Debug|Any CPU
		{CA4F2241-8666-4814-B012-ADF0AF1398DE}.Release|Any CPU.ActiveCfg = Release|Any CPU
		{CA4F2241-8666-4814-B012-ADF0AF1398DE}.Release|Any CPU.Build.0 = Release|Any CPU
		{BB929702-67C3-4304-B631-E3306143111E}.Debug|Any CPU.ActiveCfg = Debug|Any CPU
		{BB929702-67C3-4304-B631-E3306143111E}.Debug|Any CPU.Build.0 = Debug|Any CPU
		{BB929702-67C3-4304-B631-E3306143111E}.Release|Any CPU.ActiveCfg = Release|Any CPU
		{BB929702-67C3-4304-B631-E3306143111E}.Release|Any CPU.Build.0 = Release|Any CPU
	EndGlobalSection
	GlobalSection(SolutionProperties) = preSolution
		HideSolutionNode = FALSE
	EndGlobalSection
EndGlobal
