
Microsoft Visual Studio Solution File, Format Version 12.00
# Visual Studio 2013
VisualStudioVersion = 12.0.40629.0
MinimumVisualStudioVersion = 10.0.40219.1
Project("{FAE04EC0-301F-11D3-BF4B-00C04F79EFBC}") = "BaseApp.Web", "BaseApp.Web\BaseApp.Web.csproj", "{CA4F2241-8666-4814-B012-ADF0AF1398DE}"
EndProject
Project("{FAE04EC0-301F-11D3-BF4B-00C04F79EFBC}") = "BaseApp.Tests", "BaseApp.Tests\BaseApp.Tests.csproj", "{BB929702-67C3-4304-B631-E3306143111E}"
EndProject
Project("{FAE04EC0-301F-11D3-BF4B-00C04F79EFBC}") = "BaseApp.Domain", "BaseApp.Domain\BaseApp.Domain.csproj", "{475D2730-6593-46F2-9CF3-77737780A91A}"
EndProject
Project("{FAE04EC0-301F-11D3-BF4B-00C04F79EFBC}") = "BaseApp.DAL", "BaseApp.DAL\BaseApp.DAL.csproj", "{661452CB-2D15-4144-9DF8-62038B2CAEB4}"
EndProject
Project("{2150E333-8FDC-42A3-9474-1A3956D46DE8}") = "Solution Items", "Solution Items", "{080AC359-CD7A-4CFA-85B6-C7F2DCBC7759}"
EndProject
Global
	GlobalSection(SolutionConfigurationPlatforms) = preSolution
		Debug|Any CPU = Debug|Any CPU
		Release|Any CPU = Release|Any CPU
	EndGlobalSection
	GlobalSection(ProjectConfigurationPlatforms) = postSolution
		{CA4F2241-8666-4814-B012-ADF0AF1398DE}.Debug|Any CPU.ActiveCfg = Debug|Any CPU
		{CA4F2241-8666-4814-B012-ADF0AF1398DE}.Debug|Any CPU.Build.0 = Debug|Any CPU
		{CA4F2241-8666-4814-B012-ADF0AF1398DE}.Release|Any CPU.ActiveCfg = Release|Any CPU
		{CA4F2241-8666-4814-B012-ADF0AF1398DE}.Release|Any CPU.Build.0 = Release|Any CPU
		{BB929702-67C3-4304-B631-E3306143111E}.Debug|Any CPU.ActiveCfg = Debug|Any CPU
		{BB929702-67C3-4304-B631-E3306143111E}.Debug|Any CPU.Build.0 = Debug|Any CPU
		{BB929702-67C3-4304-B631-E3306143111E}.Release|Any CPU.ActiveCfg = Release|Any CPU
		{BB929702-67C3-4304-B631-E3306143111E}.Release|Any CPU.Build.0 = Release|Any CPU
		{475D2730-6593-46F2-9CF3-77737780A91A}.Debug|Any CPU.ActiveCfg = Debug|Any CPU
		{475D2730-6593-46F2-9CF3-77737780A91A}.Debug|Any CPU.Build.0 = Debug|Any CPU
		{475D2730-6593-46F2-9CF3-77737780A91A}.Release|Any CPU.ActiveCfg = Release|Any CPU
		{475D2730-6593-46F2-9CF3-77737780A91A}.Release|Any CPU.Build.0 = Release|Any CPU
		{661452CB-2D15-4144-9DF8-62038B2CAEB4}.Debug|Any CPU.ActiveCfg = Debug|Any CPU
		{661452CB-2D15-4144-9DF8-62038B2CAEB4}.Debug|Any CPU.Build.0 = Debug|Any CPU
		{661452CB-2D15-4144-9DF8-62038B2CAEB4}.Release|Any CPU.ActiveCfg = Release|Any CPU
		{661452CB-2D15-4144-9DF8-62038B2CAEB4}.Release|Any CPU.Build.0 = Release|Any CPU
	EndGlobalSection
	GlobalSection(SolutionProperties) = preSolution
		HideSolutionNode = FALSE
	EndGlobalSection
EndGlobal
